// !$*UTF8*$!
{
	archiveVersion = 1;
	classes = {
	};
	objectVersion = 46;
	objects = {

/* Begin PBXBuildFile section */
		AD288F291A240BEA00906E20 /* AppDelegate.swift in Sources */ = {isa = PBXBuildFile; fileRef = AD288F281A240BEA00906E20 /* AppDelegate.swift */; };
		AD288F2B1A240BF300906E20 /* ViewController.swift in Sources */ = {isa = PBXBuildFile; fileRef = AD288F2A1A240BF300906E20 /* ViewController.swift */; };
		AD288F2D1A240BFA00906E20 /* GLView.swift in Sources */ = {isa = PBXBuildFile; fileRef = AD288F2C1A240BFA00906E20 /* GLView.swift */; };
		AD288F2F1A240C0800906E20 /* RenderingEngine.swift in Sources */ = {isa = PBXBuildFile; fileRef = AD288F2E1A240C0800906E20 /* RenderingEngine.swift */; };
		AD288F311A240C1000906E20 /* Images.xcassets in Resources */ = {isa = PBXBuildFile; fileRef = AD288F301A240C1000906E20 /* Images.xcassets */; };
		AD288F331A240C6F00906E20 /* SimpleVertex.glsl in Resources */ = {isa = PBXBuildFile; fileRef = AD288F321A240C6F00906E20 /* SimpleVertex.glsl */; };
		AD288F361A240DA200906E20 /* SimpleFragment.glsl in Resources */ = {isa = PBXBuildFile; fileRef = AD288F351A240DA200906E20 /* SimpleFragment.glsl */; };
		AD288F381A240E8100906E20 /* Info.plist in Resources */ = {isa = PBXBuildFile; fileRef = AD288F371A240E8100906E20 /* Info.plist */; };
		AD288F3A1A240E8B00906E20 /* Info.plist in Resources */ = {isa = PBXBuildFile; fileRef = AD288F391A240E8A00906E20 /* Info.plist */; };
		AD288F3C1A240E9000906E20 /* HelloArrowTests.swift in Sources */ = {isa = PBXBuildFile; fileRef = AD288F3B1A240E9000906E20 /* HelloArrowTests.swift */; };
/* End PBXBuildFile section */

/* Begin PBXContainerItemProxy section */
		AD14113019FB49D900103E3C /* PBXContainerItemProxy */ = {
			isa = PBXContainerItemProxy;
			containerPortal = AD14111219FB49D900103E3C /* Project object */;
			proxyType = 1;
			remoteGlobalIDString = AD14111919FB49D900103E3C;
			remoteInfo = HelloArrow;
		};
/* End PBXContainerItemProxy section */

/* Begin PBXFileReference section */
		AD14111A19FB49D900103E3C /* HelloArrow.app */ = {isa = PBXFileReference; explicitFileType = wrapper.application; includeInIndex = 0; path = HelloArrow.app; sourceTree = BUILT_PRODUCTS_DIR; };
		AD14112F19FB49D900103E3C /* HelloArrowTests.xctest */ = {isa = PBXFileReference; explicitFileType = wrapper.cfbundle; includeInIndex = 0; path = HelloArrowTests.xctest; sourceTree = BUILT_PRODUCTS_DIR; };
		AD288F281A240BEA00906E20 /* AppDelegate.swift */ = {isa = PBXFileReference; fileEncoding = 4; lastKnownFileType = sourcecode.swift; name = AppDelegate.swift; path = HelloArrow/AppDelegate.swift; sourceTree = SOURCE_ROOT; };
		AD288F2A1A240BF300906E20 /* ViewController.swift */ = {isa = PBXFileReference; fileEncoding = 4; lastKnownFileType = sourcecode.swift; name = ViewController.swift; path = HelloArrow/ViewController.swift; sourceTree = SOURCE_ROOT; };
		AD288F2C1A240BFA00906E20 /* GLView.swift */ = {isa = PBXFileReference; fileEncoding = 4; lastKnownFileType = sourcecode.swift; name = GLView.swift; path = HelloArrow/GLView.swift; sourceTree = SOURCE_ROOT; };
		AD288F2E1A240C0800906E20 /* RenderingEngine.swift */ = {isa = PBXFileReference; fileEncoding = 4; lastKnownFileType = sourcecode.swift; name = RenderingEngine.swift; path = HelloArrow/RenderingEngine.swift; sourceTree = SOURCE_ROOT; };
		AD288F301A240C1000906E20 /* Images.xcassets */ = {isa = PBXFileReference; lastKnownFileType = folder.assetcatalog; name = Images.xcassets; path = HelloArrow/Images.xcassets; sourceTree = SOURCE_ROOT; };
		AD288F321A240C6F00906E20 /* SimpleVertex.glsl */ = {isa = PBXFileReference; fileEncoding = 4; lastKnownFileType = text; name = SimpleVertex.glsl; path = HelloArrow/SimpleVertex.glsl; sourceTree = SOURCE_ROOT; };
		AD288F351A240DA200906E20 /* SimpleFragment.glsl */ = {isa = PBXFileReference; fileEncoding = 4; lastKnownFileType = text; name = SimpleFragment.glsl; path = HelloArrow/SimpleFragment.glsl; sourceTree = SOURCE_ROOT; };
		AD288F371A240E8100906E20 /* Info.plist */ = {isa = PBXFileReference; fileEncoding = 4; lastKnownFileType = text.plist.xml; path = Info.plist; sourceTree = "<group>"; };
		AD288F391A240E8A00906E20 /* Info.plist */ = {isa = PBXFileReference; fileEncoding = 4; lastKnownFileType = text.plist.xml; path = Info.plist; sourceTree = "<group>"; };
		AD288F3B1A240E9000906E20 /* HelloArrowTests.swift */ = {isa = PBXFileReference; fileEncoding = 4; lastKnownFileType = sourcecode.swift; path = HelloArrowTests.swift; sourceTree = "<group>"; };
/* End PBXFileReference section */

/* Begin PBXFrameworksBuildPhase section */
		AD14111719FB49D900103E3C /* Frameworks */ = {
			isa = PBXFrameworksBuildPhase;
			buildActionMask = 2147483647;
			files = (
			);
			runOnlyForDeploymentPostprocessing = 0;
		};
		AD14112C19FB49D900103E3C /* Frameworks */ = {
			isa = PBXFrameworksBuildPhase;
			buildActionMask = 2147483647;
			files = (
			);
			runOnlyForDeploymentPostprocessing = 0;
		};
/* End PBXFrameworksBuildPhase section */

/* Begin PBXGroup section */
		AD14111119FB49D900103E3C = {
			isa = PBXGroup;
			children = (
				AD14111C19FB49D900103E3C /* HelloArrow */,
				AD14113219FB49D900103E3C /* HelloArrowTests */,
				AD14111B19FB49D900103E3C /* Products */,
			);
			sourceTree = "<group>";
		};
		AD14111B19FB49D900103E3C /* Products */ = {
			isa = PBXGroup;
			children = (
				AD14111A19FB49D900103E3C /* HelloArrow.app */,
				AD14112F19FB49D900103E3C /* HelloArrowTests.xctest */,
			);
			name = Products;
			sourceTree = "<group>";
		};
		AD14111C19FB49D900103E3C /* HelloArrow */ = {
			isa = PBXGroup;
			children = (
				AD288F281A240BEA00906E20 /* AppDelegate.swift */,
				AD288F2C1A240BFA00906E20 /* GLView.swift */,
				AD288F2A1A240BF300906E20 /* ViewController.swift */,
				AD288F2E1A240C0800906E20 /* RenderingEngine.swift */,
				AD288F301A240C1000906E20 /* Images.xcassets */,
				ADB7FE931A11D4AA00FA87F2 /* Shaders */,
				AD14111D19FB49D900103E3C /* Supporting Files */,
			);
			path = HelloArrow;
			sourceTree = "<group>";
		};
		AD14111D19FB49D900103E3C /* Supporting Files */ = {
			isa = PBXGroup;
			children = (
				AD288F371A240E8100906E20 /* Info.plist */,
			);
			name = "Supporting Files";
			sourceTree = "<group>";
		};
		AD14113219FB49D900103E3C /* HelloArrowTests */ = {
			isa = PBXGroup;
			children = (
				AD288F3B1A240E9000906E20 /* HelloArrowTests.swift */,
				AD14113319FB49D900103E3C /* Supporting Files */,
			);
			path = HelloArrowTests;
			sourceTree = "<group>";
		};
		AD14113319FB49D900103E3C /* Supporting Files */ = {
			isa = PBXGroup;
			children = (
				AD288F391A240E8A00906E20 /* Info.plist */,
			);
			name = "Supporting Files";
			sourceTree = "<group>";
		};
		ADB7FE931A11D4AA00FA87F2 /* Shaders */ = {
			isa = PBXGroup;
			children = (
				AD288F351A240DA200906E20 /* SimpleFragment.glsl */,
				AD288F321A240C6F00906E20 /* SimpleVertex.glsl */,
			);
			name = Shaders;
			sourceTree = "<group>";
		};
/* End PBXGroup section */

/* Begin PBXNativeTarget section */
		AD14111919FB49D900103E3C /* HelloArrow */ = {
			isa = PBXNativeTarget;
			buildConfigurationList = AD14113919FB49D900103E3C /* Build configuration list for PBXNativeTarget "HelloArrow" */;
			buildPhases = (
				AD14111619FB49D900103E3C /* Sources */,
				AD14111719FB49D900103E3C /* Frameworks */,
				AD14111819FB49D900103E3C /* Resources */,
			);
			buildRules = (
			);
			dependencies = (
			);
			name = HelloArrow;
			productName = HelloArrow;
			productReference = AD14111A19FB49D900103E3C /* HelloArrow.app */;
			productType = "com.apple.product-type.application";
		};
		AD14112E19FB49D900103E3C /* HelloArrowTests */ = {
			isa = PBXNativeTarget;
			buildConfigurationList = AD14113C19FB49D900103E3C /* Build configuration list for PBXNativeTarget "HelloArrowTests" */;
			buildPhases = (
				AD14112B19FB49D900103E3C /* Sources */,
				AD14112C19FB49D900103E3C /* Frameworks */,
				AD14112D19FB49D900103E3C /* Resources */,
			);
			buildRules = (
			);
			dependencies = (
				AD14113119FB49D900103E3C /* PBXTargetDependency */,
			);
			name = HelloArrowTests;
			productName = HelloArrowTests;
			productReference = AD14112F19FB49D900103E3C /* HelloArrowTests.xctest */;
			productType = "com.apple.product-type.bundle.unit-test";
		};
/* End PBXNativeTarget section */

/* Begin PBXProject section */
		AD14111219FB49D900103E3C /* Project object */ = {
			isa = PBXProject;
			attributes = {
				LastUpgradeCheck = 0610;
				ORGANIZATIONNAME = "Dan Carter";
				TargetAttributes = {
					AD14111919FB49D900103E3C = {
						CreatedOnToolsVersion = 6.1;
					};
					AD14112E19FB49D900103E3C = {
						CreatedOnToolsVersion = 6.1;
						TestTargetID = AD14111919FB49D900103E3C;
					};
				};
			};
			buildConfigurationList = AD14111519FB49D900103E3C /* Build configuration list for PBXProject "HelloArrow" */;
			compatibilityVersion = "Xcode 3.2";
			developmentRegion = English;
			hasScannedForEncodings = 0;
			knownRegions = (
				en,
				Base,
			);
			mainGroup = AD14111119FB49D900103E3C;
			productRefGroup = AD14111B19FB49D900103E3C /* Products */;
			projectDirPath = "";
			projectRoot = "";
			targets = (
				AD14111919FB49D900103E3C /* HelloArrow */,
				AD14112E19FB49D900103E3C /* HelloArrowTests */,
			);
		};
/* End PBXProject section */

/* Begin PBXResourcesBuildPhase section */
		AD14111819FB49D900103E3C /* Resources */ = {
			isa = PBXResourcesBuildPhase;
			buildActionMask = 2147483647;
			files = (
				AD288F381A240E8100906E20 /* Info.plist in Resources */,
				AD288F311A240C1000906E20 /* Images.xcassets in Resources */,
				AD288F331A240C6F00906E20 /* SimpleVertex.glsl in Resources */,
				AD288F361A240DA200906E20 /* SimpleFragment.glsl in Resources */,
			);
			runOnlyForDeploymentPostprocessing = 0;
		};
		AD14112D19FB49D900103E3C /* Resources */ = {
			isa = PBXResourcesBuildPhase;
			buildActionMask = 2147483647;
			files = (
				AD288F3A1A240E8B00906E20 /* Info.plist in Resources */,
			);
			runOnlyForDeploymentPostprocessing = 0;
		};
/* End PBXResourcesBuildPhase section */

/* Begin PBXSourcesBuildPhase section */
		AD14111619FB49D900103E3C /* Sources */ = {
			isa = PBXSourcesBuildPhase;
			buildActionMask = 2147483647;
			files = (
				AD288F2D1A240BFA00906E20 /* GLView.swift in Sources */,
				AD288F2B1A240BF300906E20 /* ViewController.swift in Sources */,
				AD288F2F1A240C0800906E20 /* RenderingEngine.swift in Sources */,
				AD288F291A240BEA00906E20 /* AppDelegate.swift in Sources */,
			);
			runOnlyForDeploymentPostprocessing = 0;
		};
		AD14112B19FB49D900103E3C /* Sources */ = {
			isa = PBXSourcesBuildPhase;
			buildActionMask = 2147483647;
			files = (
				AD288F3C1A240E9000906E20 /* HelloArrowTests.swift in Sources */,
			);
			runOnlyForDeploymentPostprocessing = 0;
		};
/* End PBXSourcesBuildPhase section */

/* Begin PBXTargetDependency section */
		AD14113119FB49D900103E3C /* PBXTargetDependency */ = {
			isa = PBXTargetDependency;
			target = AD14111919FB49D900103E3C /* HelloArrow */;
			targetProxy = AD14113019FB49D900103E3C /* PBXContainerItemProxy */;
		};
/* End PBXTargetDependency section */

/* Begin XCBuildConfiguration section */
		AD14113719FB49D900103E3C /* Debug */ = {
			isa = XCBuildConfiguration;
			buildSettings = {
				ALWAYS_SEARCH_USER_PATHS = NO;
				CLANG_CXX_LANGUAGE_STANDARD = "gnu++0x";
				CLANG_CXX_LIBRARY = "libc++";
				CLANG_ENABLE_MODULES = YES;
				CLANG_ENABLE_OBJC_ARC = YES;
				CLANG_WARN_BOOL_CONVERSION = YES;
				CLANG_WARN_CONSTANT_CONVERSION = YES;
				CLANG_WARN_DIRECT_OBJC_ISA_USAGE = YES_ERROR;
				CLANG_WARN_EMPTY_BODY = YES;
				CLANG_WARN_ENUM_CONVERSION = YES;
				CLANG_WARN_INT_CONVERSION = YES;
				CLANG_WARN_OBJC_ROOT_CLASS = YES_ERROR;
				CLANG_WARN_UNREACHABLE_CODE = YES;
				CLANG_WARN__DUPLICATE_METHOD_MATCH = YES;
				"CODE_SIGN_IDENTITY[sdk=iphoneos*]" = "iPhone Developer";
				COPY_PHASE_STRIP = NO;
				ENABLE_STRICT_OBJC_MSGSEND = YES;
				GCC_C_LANGUAGE_STANDARD = gnu99;
				GCC_DYNAMIC_NO_PIC = NO;
				GCC_OPTIMIZATION_LEVEL = 0;
				GCC_PREPROCESSOR_DEFINITIONS = (
					"DEBUG=1",
					"$(inherited)",
				);
				GCC_SYMBOLS_PRIVATE_EXTERN = NO;
				GCC_WARN_64_TO_32_BIT_CONVERSION = YES;
				GCC_WARN_ABOUT_RETURN_TYPE = YES_ERROR;
				GCC_WARN_UNDECLARED_SELECTOR = YES;
				GCC_WARN_UNINITIALIZED_AUTOS = YES_AGGRESSIVE;
				GCC_WARN_UNUSED_FUNCTION = YES;
				GCC_WARN_UNUSED_VARIABLE = YES;
				IPHONEOS_DEPLOYMENT_TARGET = 8.1;
				MTL_ENABLE_DEBUG_INFO = YES;
				ONLY_ACTIVE_ARCH = YES;
				SDKROOT = iphoneos;
				SWIFT_OPTIMIZATION_LEVEL = "-Onone";
				TARGETED_DEVICE_FAMILY = 2;
			};
			name = Debug;
		};
		AD14113819FB49D900103E3C /* Release */ = {
			isa = XCBuildConfiguration;
			buildSettings = {
				ALWAYS_SEARCH_USER_PATHS = NO;
				CLANG_CXX_LANGUAGE_STANDARD = "gnu++0x";
				CLANG_CXX_LIBRARY = "libc++";
				CLANG_ENABLE_MODULES = YES;
				CLANG_ENABLE_OBJC_ARC = YES;
				CLANG_WARN_BOOL_CONVERSION = YES;
				CLANG_WARN_CONSTANT_CONVERSION = YES;
				CLANG_WARN_DIRECT_OBJC_ISA_USAGE = YES_ERROR;
				CLANG_WARN_EMPTY_BODY = YES;
				CLANG_WARN_ENUM_CONVERSION = YES;
				CLANG_WARN_INT_CONVERSION = YES;
				CLANG_WARN_OBJC_ROOT_CLASS = YES_ERROR;
				CLANG_WARN_UNREACHABLE_CODE = YES;
				CLANG_WARN__DUPLICATE_METHOD_MATCH = YES;
				"CODE_SIGN_IDENTITY[sdk=iphoneos*]" = "iPhone Developer";
				COPY_PHASE_STRIP = YES;
				ENABLE_NS_ASSERTIONS = NO;
				ENABLE_STRICT_OBJC_MSGSEND = YES;
				GCC_C_LANGUAGE_STANDARD = gnu99;
				GCC_WARN_64_TO_32_BIT_CONVERSION = YES;
				GCC_WARN_ABOUT_RETURN_TYPE = YES_ERROR;
				GCC_WARN_UNDECLARED_SELECTOR = YES;
				GCC_WARN_UNINITIALIZED_AUTOS = YES_AGGRESSIVE;
				GCC_WARN_UNUSED_FUNCTION = YES;
				GCC_WARN_UNUSED_VARIABLE = YES;
				IPHONEOS_DEPLOYMENT_TARGET = 8.1;
				MTL_ENABLE_DEBUG_INFO = NO;
				SDKROOT = iphoneos;
				TARGETED_DEVICE_FAMILY = 2;
				VALIDATE_PRODUCT = YES;
			};
			name = Release;
		};
		AD14113A19FB49D900103E3C /* Debug */ = {
			isa = XCBuildConfiguration;
			buildSettings = {
				ASSETCATALOG_COMPILER_APPICON_NAME = AppIcon;
				CLANG_ENABLE_MODULES = YES;
				INFOPLIST_FILE = "$(SRCROOT)/HelloArrow/Info.plist";
				IPHONEOS_DEPLOYMENT_TARGET = 8.0;
				LD_RUNPATH_SEARCH_PATHS = "$(inherited) @executable_path/Frameworks";
				PRODUCT_NAME = HelloArrow;
				SWIFT_OBJC_BRIDGING_HEADER = "";
				SWIFT_OPTIMIZATION_LEVEL = "-Onone";
			};
			name = Debug;
		};
		AD14113B19FB49D900103E3C /* Release */ = {
			isa = XCBuildConfiguration;
			buildSettings = {
				ASSETCATALOG_COMPILER_APPICON_NAME = AppIcon;
				CLANG_ENABLE_MODULES = YES;
				INFOPLIST_FILE = "$(SRCROOT)/HelloArrow/Info.plist";
				IPHONEOS_DEPLOYMENT_TARGET = 8.0;
				LD_RUNPATH_SEARCH_PATHS = "$(inherited) @executable_path/Frameworks";
				PRODUCT_NAME = HelloArrow;
				SWIFT_OBJC_BRIDGING_HEADER = "";
			};
			name = Release;
		};
		AD14113D19FB49D900103E3C /* Debug */ = {
			isa = XCBuildConfiguration;
			buildSettings = {
				BUNDLE_LOADER = "$(TEST_HOST)";
				FRAMEWORK_SEARCH_PATHS = (
					"$(SDKROOT)/Developer/Library/Frameworks",
					"$(inherited)",
				);
				GCC_PREPROCESSOR_DEFINITIONS = (
					"DEBUG=1",
					"$(inherited)",
				);
				INFOPLIST_FILE = HelloArrowTests/Info.plist;
				LD_RUNPATH_SEARCH_PATHS = "$(inherited) @executable_path/Frameworks @loader_path/Frameworks";
				PRODUCT_NAME = HelloArrowTests;
				TEST_HOST = "$(BUILT_PRODUCTS_DIR)/HelloArrow.app/HelloArrow";
			};
			name = Debug;
		};
		AD14113E19FB49D900103E3C /* Release */ = {
			isa = XCBuildConfiguration;
			buildSettings = {
				BUNDLE_LOADER = "$(TEST_HOST)";
				FRAMEWORK_SEARCH_PATHS = (
					"$(SDKROOT)/Developer/Library/Frameworks",
					"$(inherited)",
				);
				INFOPLIST_FILE = HelloArrowTests/Info.plist;
				LD_RUNPATH_SEARCH_PATHS = "$(inherited) @executable_path/Frameworks @loader_path/Frameworks";
				PRODUCT_NAME = HelloArrowTests;
				TEST_HOST = "$(BUILT_PRODUCTS_DIR)/HelloArrow.app/HelloArrow";
			};
			name = Release;
		};
/* End XCBuildConfiguration section */

/* Begin XCConfigurationList section */
		AD14111519FB49D900103E3C /* Build configuration list for PBXProject "HelloArrow" */ = {
			isa = XCConfigurationList;
			buildConfigurations = (
				AD14113719FB49D900103E3C /* Debug */,
				AD14113819FB49D900103E3C /* Release */,
			);
			defaultConfigurationIsVisible = 0;
			defaultConfigurationName = Release;
		};
		AD14113919FB49D900103E3C /* Build configuration list for PBXNativeTarget "HelloArrow" */ = {
			isa = XCConfigurationList;
			buildConfigurations = (
				AD14113A19FB49D900103E3C /* Debug */,
				AD14113B19FB49D900103E3C /* Release */,
			);
			defaultConfigurationIsVisible = 0;
			defaultConfigurationName = Release;
		};
		AD14113C19FB49D900103E3C /* Build configuration list for PBXNativeTarget "HelloArrowTests" */ = {
			isa = XCConfigurationList;
			buildConfigurations = (
				AD14113D19FB49D900103E3C /* Debug */,
				AD14113E19FB49D900103E3C /* Release */,
			);
			defaultConfigurationIsVisible = 0;
			defaultConfigurationName = Release;
		};
/* End XCConfigurationList section */
	};
	rootObject = AD14111219FB49D900103E3C /* Project object */;
}
